PackratFormat: 1.4
PackratVersion: 0.4.9.3
RVersion: 3.5.1
Repos: CRAN=https://cran.rstudio.com/

Package: BH
Source: CRAN
Version: 1.66.0-1

Package: CVST
Source: CRAN
Version: 0.2-2
Requires: kernlab

Package: DEoptimR
Source: CRAN
Version: 1.0-8

Package: DRR
Source: CRAN
Version: 0.0.3
Requires: CVST, kernlab

Package: ModelMetrics
Source: CRAN
Version: 1.2.0
Requires: Rcpp, data.table

Package: R6
Source: CRAN
Version: 2.2.2

Package: RColorBrewer
Source: CRAN
Version: 1.1-2

Package: Rcpp
Source: CRAN
Version: 0.12.18

Package: RcppRoll
Source: CRAN
Version: 0.3.0
Requires: Rcpp

Package: SQUAREM
Source: CRAN
Version: 2017.10-1

Package: abind
Source: CRAN
Version: 1.4-5

Package: assertthat
Source: CRAN
Version: 0.2.0

Package: backports
Source: CRAN
Version: 1.1.2

Package: bindr
Source: CRAN
Version: 0.1.1

Package: bindrcpp
Source: CRAN
Version: 0.2.2
Requires: Rcpp, bindr, plogr

Package: broom
Source: CRAN
Version: 0.5.0
Requires: backports, dplyr, purrr, reshape2, stringr, tibble, tidyr

Package: caret
Source: CRAN
Version: 6.0-80
Requires: ModelMetrics, foreach, ggplot2, plyr, recipes, reshape2,
    withr

Package: cli
Source: CRAN
Version: 1.0.0
Requires: assertthat, crayon

Package: colorspace
Source: CRAN
Version: 1.3-2

Package: crayon
Source: CRAN
Version: 1.3.4

Package: data.table
Source: CRAN
Version: 1.11.4

Package: ddalpha
Source: CRAN
Version: 1.3.4
Requires: BH, Rcpp, geometry, robustbase, sfsmisc

Package: digest
Source: CRAN
Version: 0.6.15

Package: dimRed
Source: CRAN
Version: 0.1.0
Requires: DRR

Package: dplyr
Source: CRAN
Version: 0.7.6
Requires: BH, R6, Rcpp, assertthat, bindrcpp, glue, magrittr,
    pkgconfig, plogr, rlang, tibble, tidyselect

Package: evaluate
Source: CRAN
Version: 0.11
Requires: stringr

Package: fansi
Source: CRAN
Version: 0.3.0

Package: foreach
Source: CRAN
Version: 1.4.4
Requires: iterators

Package: geometry
Source: CRAN
Version: 0.3-6
Requires: magic

Package: ggplot2
Source: CRAN
Version: 3.0.0
Requires: digest, gtable, lazyeval, plyr, reshape2, rlang, scales,
    tibble, viridisLite, withr

Package: ggthemes
Source: CRAN
Version: 4.0.0
Requires: ggplot2, purrr, scales, stringr, tibble

Package: glue
Source: CRAN
Version: 1.3.0

Package: gower
Source: CRAN
Version: 0.1.2

Package: gtable
Source: CRAN
Version: 0.2.0

Package: highr
Source: CRAN
Version: 0.7

Package: ipred
Source: CRAN
Version: 0.9-7
Requires: prodlim

Package: iterators
Source: CRAN
Version: 1.0.10

Package: kernlab
Source: CRAN
Version: 0.9-27

Package: knitr
Source: CRAN
Version: 1.20
Requires: evaluate, highr, markdown, stringr, yaml

Package: labeling
Source: CRAN
Version: 0.3

Package: lava
Source: CRAN
Version: 1.6.3
Requires: SQUAREM, numDeriv

Package: lazyeval
Source: CRAN
Version: 0.2.1

Package: lubridate
Source: CRAN
Version: 1.7.4
Requires: Rcpp, stringr

Package: magic
Source: CRAN
Version: 1.5-8
Requires: abind

Package: magrittr
Source: CRAN
Version: 1.5

Package: markdown
Source: CRAN
Version: 0.8
Requires: mime

Package: mime
Source: CRAN
Version: 0.5

Package: munsell
Source: CRAN
Version: 0.5.0
Requires: colorspace

Package: numDeriv
Source: CRAN
Version: 2016.8-1

Package: pROC
Source: CRAN
Version: 1.12.1
Requires: Rcpp, ggplot2, plyr

Package: packrat
Source: CRAN
Version: 0.4.9-3
Hash: 03fb817297975f1da0d1b774b47620b3

Package: pillar
Source: CRAN
Version: 1.3.0
Requires: cli, crayon, fansi, rlang, utf8

Package: pkgconfig
Source: CRAN
Version: 2.0.1

Package: plogr
Source: CRAN
Version: 0.2.0

Package: pls
Source: CRAN
Version: 2.6-0

Package: plyr
Source: CRAN
Version: 1.8.4
Requires: Rcpp

Package: praise
Source: CRAN
Version: 1.0.0

Package: prodlim
Source: CRAN
Version: 2018.04.18
Requires: Rcpp, lava

Package: purrr
Source: CRAN
Version: 0.2.5
Requires: magrittr, rlang, tibble

Package: recipes
Source: CRAN
Version: 0.1.3
Requires: RcppRoll, broom, ddalpha, dimRed, dplyr, gower, ipred,
    lubridate, magrittr, pls, purrr, rlang, tibble, tidyr, tidyselect,
    timeDate

Package: reshape2
Source: CRAN
Version: 1.4.3
Requires: Rcpp, plyr, stringr

Package: rlang
Source: CRAN
Version: 0.2.1

Package: robustbase
Source: CRAN
Version: 0.93-2
Requires: DEoptimR

Package: scales
Source: CRAN
Version: 1.0.0
Requires: R6, RColorBrewer, Rcpp, labeling, munsell, viridisLite

Package: sfsmisc
Source: CRAN
Version: 1.1-2

Package: stringi
Source: CRAN
Version: 1.2.4

Package: stringr
Source: CRAN
Version: 1.3.1
Requires: glue, magrittr, stringi

Package: testthat
Source: CRAN
Version: 2.0.0
Requires: R6, cli, crayon, digest, magrittr, praise, rlang, withr

Package: tibble
Source: CRAN
Version: 1.4.2
Requires: cli, crayon, pillar, rlang

Package: tidyr
Source: CRAN
Version: 0.8.1
Requires: Rcpp, dplyr, glue, magrittr, purrr, rlang, stringi, tibble,
    tidyselect

Package: tidyselect
Source: CRAN
Version: 0.2.4
Requires: Rcpp, glue, purrr, rlang

Package: timeDate
Source: CRAN
Version: 3043.102

Package: utf8
Source: CRAN
Version: 1.1.4

Package: viridisLite
Source: CRAN
Version: 0.3.0

Package: withr
Source: CRAN
Version: 2.1.2

Package: yaml
Source: CRAN
Version: 2.2.0
